
Microsoft Visual Studio Solution File, Format Version 12.00
# Visual Studio Version 17
VisualStudioVersion = 17.4.33205.214
MinimumVisualStudioVersion = 10.0.40219.1
Project("{9A19103F-16F7-4668-BE54-9A1E7A4F7556}") = "dotnet-audit", "dotnet-audit.csproj", "{33EF69A7-46C0-4644-9A2C-6C55C2FC1810}"
EndProject
Global
	GlobalSection(SolutionConfigurationPlatforms) = preSolution
		Debug|Any CPU = Debug|Any CPU
		Release|Any CPU = Release|Any CPU
	EndGlobalSection
	GlobalSection(ProjectConfigurationPlatforms) = postSolution
		{33EF69A7-46C0-4644-9A2C-6C55C2FC1810}.Debug|Any CPU.ActiveCfg = Debug|Any CPU
		{33EF69A7-46C0-4644-9A2C-6C55C2FC1810}.Debug|Any CPU.Build.0 = Debug|Any CPU
		{33EF69A7-46C0-4644-9A2C-6C55C2FC1810}.Release|Any CPU.ActiveCfg = Release|Any CPU
		{33EF69A7-46C0-4644-9A2C-6C55C2FC1810}.Release|Any CPU.Build.0 = Release|Any CPU
	EndGlobalSection
	GlobalSection(SolutionProperties) = preSolution
		HideSolutionNode = FALSE
	EndGlobalSection
	GlobalSection(ExtensibilityGlobals) = postSolution
		SolutionGuid = {7912498B-262B-4F4F-8B0A-ADA4BE1BE82E}
	EndGlobalSection
EndGlobal
